
Microsoft Visual Studio Solution File, Format Version 12.00
# Visual Studio Version 16
VisualStudioVersion = 16.0.29306.81
MinimumVisualStudioVersion = 10.0.40219.1
Project("{FAE04EC0-301F-11D3-BF4B-00C04F79EFBC}") = "ViVe", "ViVe\ViVe.csproj", "{80DCDA4D-8022-4740-8CCF-459DD3FE6F72}"
EndProject
Project("{FAE04EC0-301F-11D3-BF4B-00C04F79EFBC}") = "ViVeTool", "ViVeTool\ViVeTool.csproj", "{4DAAB723-3613-4133-AE54-646133538E44}"
EndProject
Global
	GlobalSection(SolutionConfigurationPlatforms) = preSolution
		Debug|Any CPU = Debug|Any CPU
		Release|Any CPU = Release|Any CPU
	EndGlobalSection
	GlobalSection(ProjectConfigurationPlatforms) = postSolution
		{80DCDA4D-8022-4740-8CCF-459DD3FE6F72}.Debug|Any CPU.ActiveCfg = Debug|Any CPU
		{80DCDA4D-8022-4740-8CCF-459DD3FE6F72}.Debug|Any CPU.Build.0 = Debug|Any CPU
		{80DCDA4D-8022-4740-8CCF-459DD3FE6F72}.Release|Any CPU.ActiveCfg = Release|Any CPU
		{80DCDA4D-8022-4740-8CCF-459DD3FE6F72}.Release|Any CPU.Build.0 = Release|Any CPU
		{4DAAB723-3613-4133-AE54-646133538E44}.Debug|Any CPU.ActiveCfg = Debug|Any CPU
		{4DAAB723-3613-4133-AE54-646133538E44}.Debug|Any CPU.Build.0 = Debug|Any CPU
		{4DAAB723-3613-4133-AE54-646133538E44}.Release|Any CPU.ActiveCfg = Release|Any CPU
		{4DAAB723-3613-4133-AE54-646133538E44}.Release|Any CPU.Build.0 = Release|Any CPU
	EndGlobalSection
	GlobalSection(SolutionProperties) = preSolution
		HideSolutionNode = FALSE
	EndGlobalSection
	GlobalSection(ExtensibilityGlobals) = postSolution
		SolutionGuid = {E5173A5A-E3A8-4C36-9798-11628C4E4684}
	EndGlobalSection
EndGlobal
